<?xml version="1.0" encoding="utf-8"?>
<Project ToolsVersion="4.0" xmlns="http://schemas.microsoft.com/developer/msbuild/2003">
  <ItemGroup>
    <Filter Include="Source Files">
      <UniqueIdentifier>{4FC737F1-C7A5-4376-A066-2A32D752A2FF}</UniqueIdentifier>
      <Extensions>cpp;c;cc;cxx;c++;cppm;ixx;def;odl;idl;hpj;bat;asm;asmx</Extensions>
    </Filter>
    <Filter Include="Header Files">
      <UniqueIdentifier>{93995380-89BD-4b04-88EB-625FBE52EBFB}</UniqueIdentifier>
      <Extensions>h;hh;hpp;hxx;h++;hm;inl;inc;ipp;xsd</Extensions>
    </Filter>
    <Filter Include="Resource Files">
      <UniqueIdentifier>{67DA6AB6-F800-4c08-8B7A-83BB121AAD01}</UniqueIdentifier>
      <Extensions>rc;ico;cur;bmp;dlg;rc2;rct;bin;rgs;gif;jpg;jpeg;jpe;resx;tiff;tif;png;wav;mfcribbon-ms</Extensions>
    </Filter>
  </ItemGroup>
  <ItemGroup>
    <ClCompile Include="src\Airfoil.cpp">
      <Filter>Source Files</Filter>
    </ClCompile>
    <ClCompile Include="src\AirfoilAeroCharacteristic.cpp">
      <Filter>Source Files</Filter>
    </ClCompile>
    <ClCompile Include="src\AirfoilGeometry.cpp">
      <Filter>Source Files</Filter>
    </ClCompile>
    <ClCompile Include="src\AirfoilGeometryData.cpp">
      <Filter>Source Files</Filter>
    </ClCompile>
    <ClCompile Include="src\AirfoilGeometryFileListData.cpp">
      <Filter>Source Files</Filter>
    </ClCompile>
    <ClCompile Include="src\AirfoilGeometryFileListParser.cpp">
      <Filter>Source Files</Filter>
    </ClCompile>
    <ClCompile Include="src\AirfoilGeometryParser.cpp">
      <Filter>Source Files</Filter>
    </ClCompile>
    <ClCompile Include="src\AirfoilPerformanceFileListData.cpp">
      <Filter>Source Files</Filter>
    </ClCompile>
    <ClCompile Include="src\AirfoilPerformanceFileListParser.cpp">
      <Filter>Source Files</Filter>
    </ClCompile>
    <ClCompile Include="src\AirfoilPerformanceParser.cpp">
      <Filter>Source Files</Filter>
    </ClCompile>
    <ClCompile Include="src\AkimaSplineInterpolationStrategy.cpp">
      <Filter>Source Files</Filter>
    </ClCompile>
    <ClCompile Include="src\Blade.cpp">
      <Filter>Source Files</Filter>
    </ClCompile>
    <ClCompile Include="src\BladeGeometryData.cpp">
      <Filter>Source Files</Filter>
    </ClCompile>
    <ClCompile Include="src\BladeGeometryParser.cpp">
      <Filter>Source Files</Filter>
    </ClCompile>
    <ClCompile Include="src\BladeSection.cpp">
      <Filter>Source Files</Filter>
    </ClCompile>
    <ClCompile Include="src\BoolParser.cpp">
      <Filter>Source Files</Filter>
    </ClCompile>
    <ClCompile Include="src\Configuration.cpp">
      <Filter>Source Files</Filter>
    </ClCompile>
    <ClCompile Include="src\ConfigurationParser.cpp">
      <Filter>Source Files</Filter>
    </ClCompile>
    <ClCompile Include="src\ConfigurationSchema.cpp">
      <Filter>Source Files</Filter>
    </ClCompile>
    <ClCompile Include="src\CubicSplineInterpolationStrategy.cpp">
      <Filter>Source Files</Filter>
    </ClCompile>
    <ClCompile Include="src\CustomMultiValueParser.cpp">
      <Filter>Source Files</Filter>
    </ClCompile>
    <ClCompile Include="src\DoubleParser.cpp">
      <Filter>Source Files</Filter>
    </ClCompile>
    <ClCompile Include="src\FilePathParser.cpp">
      <Filter>Source Files</Filter>
    </ClCompile>
    <ClCompile Include="src\FileReader.cpp">
      <Filter>Source Files</Filter>
    </ClCompile>
    <ClCompile Include="src\HorizontalTurbine.cpp">
      <Filter>Source Files</Filter>
    </ClCompile>
    <ClCompile Include="src\IntParser.cpp">
      <Filter>Source Files</Filter>
    </ClCompile>
    <ClCompile Include="src\IValueParser.cpp">
      <Filter>Source Files</Filter>
    </ClCompile>
    <ClCompile Include="src\LinearInterpolationStrategy.cpp">
      <Filter>Source Files</Filter>
    </ClCompile>
    <ClCompile Include="src\LineParser.cpp">
      <Filter>Source Files</Filter>
    </ClCompile>
    <ClCompile Include="src\main.cpp">
      <Filter>Source Files</Filter>
    </ClCompile>
    <ClCompile Include="src\MathUtility.cpp">
      <Filter>Source Files</Filter>
    </ClCompile>
    <ClCompile Include="src\MonotonicCubicSplineInterpolationStrategy.cpp">
      <Filter>Source Files</Filter>
    </ClCompile>
    <ClCompile Include="src\OperationAnalyzer.cpp">
      <Filter>Source Files</Filter>
    </ClCompile>
    <ClCompile Include="src\OperationDataLogger.cpp">
      <Filter>Source Files</Filter>
    </ClCompile>
    <ClCompile Include="src\OperationSimulationService.cpp">
      <Filter>Source Files</Filter>
    </ClCompile>
    <ClCompile Include="src\RangeParser.cpp">
      <Filter>Source Files</Filter>
    </ClCompile>
    <ClCompile Include="src\StringParser.cpp">
      <Filter>Source Files</Filter>
    </ClCompile>
    <ClCompile Include="src\DataExporter.cpp">
      <Filter>Source Files</Filter>
    </ClCompile>
    <ClCompile Include="src\DefaultPathResolver.cpp">
      <Filter>Source Files</Filter>
    </ClCompile>
    <ClCompile Include="src\ExporterFactory.cpp">
      <Filter>Source Files</Filter>
    </ClCompile>
    <ClCompile Include="src\FileSystemDirectoryManager.cpp">
      <Filter>Source Files</Filter>
    </ClCompile>
    <ClCompile Include="src\FlexiblePathResolver.cpp">
      <Filter>Source Files</Filter>
    </ClCompile>
    <ClCompile Include="src\StandardFileWriter.cpp">
      <Filter>Source Files</Filter>
    </ClCompile>
    <ClCompile Include="src\AirfoilPolarData.cpp">
      <Filter>Source Files</Filter>
    </ClCompile>
    <ClCompile Include="src\AirfoilPolarInterpolationFactory.cpp">
      <Filter>Source Files</Filter>
    </ClCompile>
    <ClCompile Include="src\AirfoilGeometryInterpolationFactory.cpp">
      <Filter>Source Files</Filter>
    </ClCompile>
    <ClCompile Include="src\BladeInterpolator.cpp">
      <Filter>Source Files</Filter>
    </ClCompile>
    <ClCompile Include="src\DXFEntityFactory.cpp">
      <Filter>Source Files</Filter>
    </ClCompile>
    <ClCompile Include="src\DXFPoint.cpp">
      <Filter>Source Files</Filter>
    </ClCompile>
    <ClCompile Include="src\DXFDocument.cpp">
      <Filter>Source Files</Filter>
    </ClCompile>
    <ClCompile Include="src\DXFText.cpp">
      <Filter>Source Files</Filter>
    </ClCompile>
    <ClCompile Include="src\DXFPolyLine.cpp">
      <Filter>Source Files</Filter>
    </ClCompile>
    <ClCompile Include="src\DXFLine.cpp">
      <Filter>Source Files</Filter>
    </ClCompile>
    <ClCompile Include="src\DXFEntityBase.cpp">
      <Filter>Source Files</Filter>
    </ClCompile>
    <ClCompile Include="src\DXFFormatter.cpp">
      <Filter>Source Files</Filter>
    </ClCompile>
    <ClCompile Include="src\DXFHandleGenerator.cpp">
      <Filter>Source Files</Filter>
    </ClCompile>
    <ClCompile Include="src\DXFFileWriter.cpp">
      <Filter>Source Files</Filter>
    </ClCompile>
  </ItemGroup>
  <ItemGroup>
    <ClInclude Include="src\AerodynamicForces.h">
      <Filter>Header Files</Filter>
    </ClInclude>
    <ClInclude Include="src\Airfoil.h">
      <Filter>Header Files</Filter>
    </ClInclude>
    <ClInclude Include="src\AirfoilAeroCharacteristic.h">
      <Filter>Header Files</Filter>
    </ClInclude>
    <ClInclude Include="src\AirfoilCoordinate.h">
      <Filter>Header Files</Filter>
    </ClInclude>
    <ClInclude Include="src\AirfoilGeometry.h">
      <Filter>Header Files</Filter>
    </ClInclude>
    <ClInclude Include="src\AirfoilGeometryData.h">
      <Filter>Header Files</Filter>
    </ClInclude>
    <ClInclude Include="src\AirfoilGeometryFileInfo.h">
      <Filter>Header Files</Filter>
    </ClInclude>
    <ClInclude Include="src\AirfoilGeometryFileListData.h">
      <Filter>Header Files</Filter>
    </ClInclude>
    <ClInclude Include="src\AirfoilGeometryFileListParser.h">
      <Filter>Header Files</Filter>
    </ClInclude>
    <ClInclude Include="src\AirfoilGeometryParser.h">
      <Filter>Header Files</Filter>
    </ClInclude>
    <ClInclude Include="src\AirfoilGeometryPoint.h">
      <Filter>Header Files</Filter>
    </ClInclude>
    <ClInclude Include="src\AirfoilMarker.h">
      <Filter>Header Files</Filter>
    </ClInclude>
    <ClInclude Include="src\AirfoilPerformanceFileInfo.h">
      <Filter>Header Files</Filter>
    </ClInclude>
    <ClInclude Include="src\AirfoilPerformanceFileListData.h">
      <Filter>Header Files</Filter>
    </ClInclude>
    <ClInclude Include="src\AirfoilPerformanceFileListParser.h">
      <Filter>Header Files</Filter>
    </ClInclude>
    <ClInclude Include="src\AirfoilPerformanceParser.h">
      <Filter>Header Files</Filter>
    </ClInclude>
    <ClInclude Include="src\AirfoilPerformancePoint.h">
      <Filter>Header Files</Filter>
    </ClInclude>
    <ClInclude Include="src\AkimaSplineInterpolationStrategy.h">
      <Filter>Header Files</Filter>
    </ClInclude>
    <ClInclude Include="src\Blade.h">
      <Filter>Header Files</Filter>
    </ClInclude>
    <ClInclude Include="src\BladeGeometryData.h">
      <Filter>Header Files</Filter>
    </ClInclude>
    <ClInclude Include="src\BladeGeometryParser.h">
      <Filter>Header Files</Filter>
    </ClInclude>
    <ClInclude Include="src\BladeGeometrySection.h">
      <Filter>Header Files</Filter>
    </ClInclude>
    <ClInclude Include="src\BladeSection.h">
      <Filter>Header Files</Filter>
    </ClInclude>
    <ClInclude Include="src\BoolParser.h">
      <Filter>Header Files</Filter>
    </ClInclude>
    <ClInclude Include="src\Configuration.h">
      <Filter>Header Files</Filter>
    </ClInclude>
    <ClInclude Include="src\ConfigurationParameter.h">
      <Filter>Header Files</Filter>
    </ClInclude>
    <ClInclude Include="src\ConfigurationParser.h">
      <Filter>Header Files</Filter>
    </ClInclude>
    <ClInclude Include="src\ConfigurationSchema.h">
      <Filter>Header Files</Filter>
    </ClInclude>
    <ClInclude Include="src\CubicSplineInterpolationStrategy.h">
      <Filter>Header Files</Filter>
    </ClInclude>
    <ClInclude Include="src\CustomMultiValueParser.h">
      <Filter>Header Files</Filter>
    </ClInclude>
    <ClInclude Include="src\DoubleParser.h">
      <Filter>Header Files</Filter>
    </ClInclude>
    <ClInclude Include="src\EnvironmentalConditions.h">
      <Filter>Header Files</Filter>
    </ClInclude>
    <ClInclude Include="src\FilePathParser.h">
      <Filter>Header Files</Filter>
    </ClInclude>
    <ClInclude Include="src\FileReader.h">
      <Filter>Header Files</Filter>
    </ClInclude>
    <ClInclude Include="src\HorizontalTurbine.h">
      <Filter>Header Files</Filter>
    </ClInclude>
    <ClInclude Include="src\IAerodynamicAnalyzer.h">
      <Filter>Header Files</Filter>
    </ClInclude>
    <ClInclude Include="src\IDataFileParser.h">
      <Filter>Header Files</Filter>
    </ClInclude>
    <ClInclude Include="src\IFileListParser.h">
      <Filter>Header Files</Filter>
    </ClInclude>
    <ClInclude Include="src\IFileReader.h">
      <Filter>Header Files</Filter>
    </ClInclude>
    <ClInclude Include="src\IInterpolationStrategy.h">
      <Filter>Header Files</Filter>
    </ClInclude>
    <ClInclude Include="src\IMultiValueParser.h">
      <Filter>Header Files</Filter>
    </ClInclude>
    <ClInclude Include="src\InterpolatedBladeSection.h">
      <Filter>Header Files</Filter>
    </ClInclude>
    <ClInclude Include="src\InterpolationMethod.h">
      <Filter>Header Files</Filter>
    </ClInclude>
    <ClInclude Include="src\IntParser.h">
      <Filter>Header Files</Filter>
    </ClInclude>
    <ClInclude Include="src\IStructuredData.h">
      <Filter>Header Files</Filter>
    </ClInclude>
    <ClInclude Include="src\ITurbine.h">
      <Filter>Header Files</Filter>
    </ClInclude>
    <ClInclude Include="src\IValueParser.h">
      <Filter>Header Files</Filter>
    </ClInclude>
    <ClInclude Include="src\LinearInterpolationStrategy.h">
      <Filter>Header Files</Filter>
    </ClInclude>
    <ClInclude Include="src\LineParser.h">
      <Filter>Header Files</Filter>
    </ClInclude>
    <ClInclude Include="src\MathUtility.h">
      <Filter>Header Files</Filter>
    </ClInclude>
    <ClInclude Include="src\MonotonicCubicSplineInterpolationStrategy.h">
      <Filter>Header Files</Filter>
    </ClInclude>
    <ClInclude Include="src\OperationAnalyzer.h">
      <Filter>Header Files</Filter>
    </ClInclude>
    <ClInclude Include="src\OperationConditions.h">
      <Filter>Header Files</Filter>
    </ClInclude>
    <ClInclude Include="src\OperationDataLogger.h">
      <Filter>Header Files</Filter>
    </ClInclude>
    <ClInclude Include="src\OperationSimulationService.h">
      <Filter>Header Files</Filter>
    </ClInclude>
    <ClInclude Include="src\ProjectData.h">
      <Filter>Header Files</Filter>
    </ClInclude>
    <ClInclude Include="src\RangeParser.h">
      <Filter>Header Files</Filter>
    </ClInclude>
    <ClInclude Include="src\SquareMatrix.h">
      <Filter>Header Files</Filter>
    </ClInclude>
    <ClInclude Include="src\StringParser.h">
      <Filter>Header Files</Filter>
    </ClInclude>
    <ClInclude Include="src\Vector3d.h">
      <Filter>Header Files</Filter>
    </ClInclude>
    <ClInclude Include="src\DataExporter.h">
      <Filter>Header Files</Filter>
    </ClInclude>
    <ClInclude Include="src\DefaultPathResolver.h">
      <Filter>Header Files</Filter>
    </ClInclude>
    <ClInclude Include="src\ExporterFactory.h">
      <Filter>Header Files</Filter>
    </ClInclude>
    <ClInclude Include="src\FileSystemDirectoryManager.h">
      <Filter>Header Files</Filter>
    </ClInclude>
    <ClInclude Include="src\FlexiblePathResolver.h">
      <Filter>Header Files</Filter>
    </ClInclude>
    <ClInclude Include="src\IDirectoryManager.h">
      <Filter>Header Files</Filter>
    </ClInclude>
    <ClInclude Include="src\IExporter.h">
      <Filter>Header Files</Filter>
    </ClInclude>
    <ClInclude Include="src\IFileWriter.h">
      <Filter>Header Files</Filter>
    </ClInclude>
    <ClInclude Include="src\IPathResolver.h">
      <Filter>Header Files</Filter>
    </ClInclude>
    <ClInclude Include="src\StandardFileWriter.h">
      <Filter>Header Files</Filter>
    </ClInclude>
    <ClInclude Include="src\PathStrategy.h">
      <Filter>Header Files</Filter>
    </ClInclude>
    <ClInclude Include="src\IBladeInterpolator.h">
      <Filter>Header Files</Filter>
    </ClInclude>
    <ClInclude Include="src\AirfoilAeroCoefficients.h">
      <Filter>Header Files</Filter>
    </ClInclude>
    <ClInclude Include="src\AirfoilOperationCondition.h">
      <Filter>Header Files</Filter>
    </ClInclude>
    <ClInclude Include="src\AirfoilPolarData.h">
      <Filter>Header Files</Filter>
    </ClInclude>
    <ClInclude Include="src\AirfoilPolarPoint.h">
      <Filter>Header Files</Filter>
    </ClInclude>
    <ClInclude Include="src\AirfoilPolarInterpolationFactory.h">
      <Filter>Header Files</Filter>
    </ClInclude>
    <ClInclude Include="src\IAirfoilInterpolator.h">
      <Filter>Header Files</Filter>
    </ClInclude>
    <ClInclude Include="src\AirfoilGeometryInterpolationFactory.h">
      <Filter>Header Files</Filter>
    </ClInclude>
    <ClInclude Include="src\BladeInterpolator.h">
      <Filter>Header Files</Filter>
    </ClInclude>
    <ClInclude Include="src\DXFEntityFactory.h">
      <Filter>Header Files</Filter>
    </ClInclude>
    <ClInclude Include="src\DXFPoint.h">
      <Filter>Header Files</Filter>
    </ClInclude>
    <ClInclude Include="src\DXFDocument.h">
      <Filter>Header Files</Filter>
    </ClInclude>
    <ClInclude Include="src\DXFText.h">
      <Filter>Header Files</Filter>
    </ClInclude>
    <ClInclude Include="src\DXFPolyLine.h">
      <Filter>Header Files</Filter>
    </ClInclude>
    <ClInclude Include="src\DXFLine.h">
      <Filter>Header Files</Filter>
    </ClInclude>
    <ClInclude Include="src\DXFEntityBase.h">
      <Filter>Header Files</Filter>
    </ClInclude>
    <ClInclude Include="src\DXFFormatter.h">
      <Filter>Header Files</Filter>
    </ClInclude>
    <ClInclude Include="src\DXFHandleGenerator.h">
      <Filter>Header Files</Filter>
    </ClInclude>
    <ClInclude Include="src\DXFFileWriter.h">
      <Filter>Header Files</Filter>
    </ClInclude>
    <ClInclude Include="src\IDXFEntity.h">
      <Filter>Header Files</Filter>
    </ClInclude>
    <ClInclude Include="src\IDXFHandleGenerator.h">
      <Filter>Header Files</Filter>
    </ClInclude>
    <ClInclude Include="src\IDXFWriter.h">
      <Filter>Header Files</Filter>
    </ClInclude>
    <ClInclude Include="src\DXFColor.h">
      <Filter>Header Files</Filter>
    </ClInclude>
    <ClInclude Include="src\DXFPoint3D.h">
      <Filter>Header Files</Filter>
    </ClInclude>
  </ItemGroup>
  <ItemGroup>
    <None Include="packages.config" />
  </ItemGroup>
</Project>